
Microsoft Visual Studio Solution File, Format Version 12.00
# Visual Studio Version 17
VisualStudioVersion = 17.14.36511.14 d17.14
MinimumVisualStudioVersion = 10.0.40219.1
Project("{FAE04EC0-301F-11D3-BF4B-00C04F79EFBC}") = "SysProgProjekat_TreciDeo", "SysProgProjekat_TreciDeo\SysProgProjekat_TreciDeo.csproj", "{EC5F3923-933A-46F1-9E73-61CC0DB19531}"
EndProject
Global
	GlobalSection(SolutionConfigurationPlatforms) = preSolution
		Debug|Any CPU = Debug|Any CPU
		Release|Any CPU = Release|Any CPU
	EndGlobalSection
	GlobalSection(ProjectConfigurationPlatforms) = postSolution
		{EC5F3923-933A-46F1-9E73-61CC0DB19531}.Debug|Any CPU.ActiveCfg = Debug|Any CPU
		{EC5F3923-933A-46F1-9E73-61CC0DB19531}.Debug|Any CPU.Build.0 = Debug|Any CPU
		{EC5F3923-933A-46F1-9E73-61CC0DB19531}.Release|Any CPU.ActiveCfg = Release|Any CPU
		{EC5F3923-933A-46F1-9E73-61CC0DB19531}.Release|Any CPU.Build.0 = Release|Any CPU
	EndGlobalSection
	GlobalSection(SolutionProperties) = preSolution
		HideSolutionNode = FALSE
	EndGlobalSection
	GlobalSection(ExtensibilityGlobals) = postSolution
		SolutionGuid = {254D7AE8-133C-4FD3-8429-3002656F7F26}
	EndGlobalSection
EndGlobal
